
Microsoft Visual Studio Solution File, Format Version 12.00
# Visual Studio 15
VisualStudioVersion = 15.0.28307.136
MinimumVisualStudioVersion = 10.0.40219.1
Project("{C7167F0D-BC9F-4E6E-AFE1-012C56B48DB5}") = "RegistryPackaging", "RegistryPackaging\RegistryPackaging.wapproj", "{F9674D7D-64B2-477A-A54C-65607ED28569}"
EndProject
Project("{FAE04EC0-301F-11D3-BF4B-00C04F79EFBC}") = "RegistryReadAppService", "RegistryReadAppService\RegistryReadAppService.csproj", "{D9BE1C01-A5FE-4073-8EF8-C343A179607D}"
EndProject
Project("{FAE04EC0-301F-11D3-BF4B-00C04F79EFBC}") = "ElevatedRegistryWrite", "ElevatedRegistryWrite\ElevatedRegistryWrite.csproj", "{94200643-F088-415C-94E4-A562BED8022E}"
EndProject
Project("{FAE04EC0-301F-11D3-BF4B-00C04F79EFBC}") = "RegistryUWP", "RegistryUWP\RegistryUWP.csproj", "{08B49CF0-C1F6-4A9F-8C77-D30FD672E531}"
EndProject
Global
	GlobalSection(SolutionConfigurationPlatforms) = preSolution
		Debug|Any CPU = Debug|Any CPU
		Debug|ARM = Debug|ARM
		Debug|ARM64 = Debug|ARM64
		Debug|x64 = Debug|x64
		Debug|x86 = Debug|x86
		Release|Any CPU = Release|Any CPU
		Release|ARM = Release|ARM
		Release|ARM64 = Release|ARM64
		Release|x64 = Release|x64
		Release|x86 = Release|x86
	EndGlobalSection
	GlobalSection(ProjectConfigurationPlatforms) = postSolution
		{F9674D7D-64B2-477A-A54C-65607ED28569}.Debug|Any CPU.ActiveCfg = Debug|Any CPU
		{F9674D7D-64B2-477A-A54C-65607ED28569}.Debug|Any CPU.Build.0 = Debug|Any CPU
		{F9674D7D-64B2-477A-A54C-65607ED28569}.Debug|Any CPU.Deploy.0 = Debug|Any CPU
		{F9674D7D-64B2-477A-A54C-65607ED28569}.Debug|ARM.ActiveCfg = Debug|Any CPU
		{F9674D7D-64B2-477A-A54C-65607ED28569}.Debug|ARM.Build.0 = Debug|Any CPU
		{F9674D7D-64B2-477A-A54C-65607ED28569}.Debug|ARM.Deploy.0 = Debug|Any CPU
		{F9674D7D-64B2-477A-A54C-65607ED28569}.Debug|ARM64.ActiveCfg = Debug|Any CPU
		{F9674D7D-64B2-477A-A54C-65607ED28569}.Debug|ARM64.Build.0 = Debug|Any CPU
		{F9674D7D-64B2-477A-A54C-65607ED28569}.Debug|ARM64.Deploy.0 = Debug|Any CPU
		{F9674D7D-64B2-477A-A54C-65607ED28569}.Debug|x64.ActiveCfg = Debug|x64
		{F9674D7D-64B2-477A-A54C-65607ED28569}.Debug|x64.Build.0 = Debug|x64
		{F9674D7D-64B2-477A-A54C-65607ED28569}.Debug|x64.Deploy.0 = Debug|x64
		{F9674D7D-64B2-477A-A54C-65607ED28569}.Debug|x86.ActiveCfg = Debug|x86
		{F9674D7D-64B2-477A-A54C-65607ED28569}.Debug|x86.Build.0 = Debug|x86
		{F9674D7D-64B2-477A-A54C-65607ED28569}.Debug|x86.Deploy.0 = Debug|x86
		{F9674D7D-64B2-477A-A54C-65607ED28569}.Release|Any CPU.ActiveCfg = Release|Any CPU
		{F9674D7D-64B2-477A-A54C-65607ED28569}.Release|Any CPU.Build.0 = Release|Any CPU
		{F9674D7D-64B2-477A-A54C-65607ED28569}.Release|Any CPU.Deploy.0 = Release|Any CPU
		{F9674D7D-64B2-477A-A54C-65607ED28569}.Release|ARM.ActiveCfg = Release|Any CPU
		{F9674D7D-64B2-477A-A54C-65607ED28569}.Release|ARM.Build.0 = Release|Any CPU
		{F9674D7D-64B2-477A-A54C-65607ED28569}.Release|ARM.Deploy.0 = Release|Any CPU
		{F9674D7D-64B2-477A-A54C-65607ED28569}.Release|ARM64.ActiveCfg = Release|Any CPU
		{F9674D7D-64B2-477A-A54C-65607ED28569}.Release|ARM64.Build.0 = Release|Any CPU
		{F9674D7D-64B2-477A-A54C-65607ED28569}.Release|ARM64.Deploy.0 = Release|Any CPU
		{F9674D7D-64B2-477A-A54C-65607ED28569}.Release|x64.ActiveCfg = Release|x64
		{F9674D7D-64B2-477A-A54C-65607ED28569}.Release|x64.Build.0 = Release|x64
		{F9674D7D-64B2-477A-A54C-65607ED28569}.Release|x64.Deploy.0 = Release|x64
		{F9674D7D-64B2-477A-A54C-65607ED28569}.Release|x86.ActiveCfg = Release|x86
		{F9674D7D-64B2-477A-A54C-65607ED28569}.Release|x86.Build.0 = Release|x86
		{F9674D7D-64B2-477A-A54C-65607ED28569}.Release|x86.Deploy.0 = Release|x86
		{D9BE1C01-A5FE-4073-8EF8-C343A179607D}.Debug|Any CPU.ActiveCfg = Debug|Any CPU
		{D9BE1C01-A5FE-4073-8EF8-C343A179607D}.Debug|Any CPU.Build.0 = Debug|Any CPU
		{D9BE1C01-A5FE-4073-8EF8-C343A179607D}.Debug|ARM.ActiveCfg = Debug|Any CPU
		{D9BE1C01-A5FE-4073-8EF8-C343A179607D}.Debug|ARM.Build.0 = Debug|Any CPU
		{D9BE1C01-A5FE-4073-8EF8-C343A179607D}.Debug|ARM64.ActiveCfg = Debug|Any CPU
		{D9BE1C01-A5FE-4073-8EF8-C343A179607D}.Debug|ARM64.Build.0 = Debug|Any CPU
		{D9BE1C01-A5FE-4073-8EF8-C343A179607D}.Debug|x64.ActiveCfg = Debug|Any CPU
		{D9BE1C01-A5FE-4073-8EF8-C343A179607D}.Debug|x64.Build.0 = Debug|Any CPU
		{D9BE1C01-A5FE-4073-8EF8-C343A179607D}.Debug|x86.ActiveCfg = Debug|Any CPU
		{D9BE1C01-A5FE-4073-8EF8-C343A179607D}.Debug|x86.Build.0 = Debug|Any CPU
		{D9BE1C01-A5FE-4073-8EF8-C343A179607D}.Release|Any CPU.ActiveCfg = Release|Any CPU
		{D9BE1C01-A5FE-4073-8EF8-C343A179607D}.Release|Any CPU.Build.0 = Release|Any CPU
		{D9BE1C01-A5FE-4073-8EF8-C343A179607D}.Release|ARM.ActiveCfg = Release|Any CPU
		{D9BE1C01-A5FE-4073-8EF8-C343A179607D}.Release|ARM.Build.0 = Release|Any CPU
		{D9BE1C01-A5FE-4073-8EF8-C343A179607D}.Release|ARM64.ActiveCfg = Release|Any CPU
		{D9BE1C01-A5FE-4073-8EF8-C343A179607D}.Release|ARM64.Build.0 = Release|Any CPU
		{D9BE1C01-A5FE-4073-8EF8-C343A179607D}.Release|x64.ActiveCfg = Release|Any CPU
		{D9BE1C01-A5FE-4073-8EF8-C343A179607D}.Release|x64.Build.0 = Release|Any CPU
		{D9BE1C01-A5FE-4073-8EF8-C343A179607D}.Release|x86.ActiveCfg = Release|Any CPU
		{D9BE1C01-A5FE-4073-8EF8-C343A179607D}.Release|x86.Build.0 = Release|Any CPU
		{94200643-F088-415C-94E4-A562BED8022E}.Debug|Any CPU.ActiveCfg = Debug|Any CPU
		{94200643-F088-415C-94E4-A562BED8022E}.Debug|Any CPU.Build.0 = Debug|Any CPU
		{94200643-F088-415C-94E4-A562BED8022E}.Debug|ARM.ActiveCfg = Debug|Any CPU
		{94200643-F088-415C-94E4-A562BED8022E}.Debug|ARM.Build.0 = Debug|Any CPU
		{94200643-F088-415C-94E4-A562BED8022E}.Debug|ARM64.ActiveCfg = Debug|Any CPU
		{94200643-F088-415C-94E4-A562BED8022E}.Debug|ARM64.Build.0 = Debug|Any CPU
		{94200643-F088-415C-94E4-A562BED8022E}.Debug|x64.ActiveCfg = Debug|Any CPU
		{94200643-F088-415C-94E4-A562BED8022E}.Debug|x64.Build.0 = Debug|Any CPU
		{94200643-F088-415C-94E4-A562BED8022E}.Debug|x86.ActiveCfg = Debug|Any CPU
		{94200643-F088-415C-94E4-A562BED8022E}.Debug|x86.Build.0 = Debug|Any CPU
		{94200643-F088-415C-94E4-A562BED8022E}.Release|Any CPU.ActiveCfg = Release|Any CPU
		{94200643-F088-415C-94E4-A562BED8022E}.Release|Any CPU.Build.0 = Release|Any CPU
		{94200643-F088-415C-94E4-A562BED8022E}.Release|ARM.ActiveCfg = Release|Any CPU
		{94200643-F088-415C-94E4-A562BED8022E}.Release|ARM.Build.0 = Release|Any CPU
		{94200643-F088-415C-94E4-A562BED8022E}.Release|ARM64.ActiveCfg = Release|Any CPU
		{94200643-F088-415C-94E4-A562BED8022E}.Release|ARM64.Build.0 = Release|Any CPU
		{94200643-F088-415C-94E4-A562BED8022E}.Release|x64.ActiveCfg = Release|Any CPU
		{94200643-F088-415C-94E4-A562BED8022E}.Release|x64.Build.0 = Release|Any CPU
		{94200643-F088-415C-94E4-A562BED8022E}.Release|x86.ActiveCfg = Release|Any CPU
		{94200643-F088-415C-94E4-A562BED8022E}.Release|x86.Build.0 = Release|Any CPU
		{08B49CF0-C1F6-4A9F-8C77-D30FD672E531}.Debug|Any CPU.ActiveCfg = Debug|x86
		{08B49CF0-C1F6-4A9F-8C77-D30FD672E531}.Debug|ARM.ActiveCfg = Debug|ARM
		{08B49CF0-C1F6-4A9F-8C77-D30FD672E531}.Debug|ARM.Build.0 = Debug|ARM
		{08B49CF0-C1F6-4A9F-8C77-D30FD672E531}.Debug|ARM.Deploy.0 = Debug|ARM
		{08B49CF0-C1F6-4A9F-8C77-D30FD672E531}.Debug|ARM64.ActiveCfg = Debug|ARM64
		{08B49CF0-C1F6-4A9F-8C77-D30FD672E531}.Debug|ARM64.Build.0 = Debug|ARM64
		{08B49CF0-C1F6-4A9F-8C77-D30FD672E531}.Debug|ARM64.Deploy.0 = Debug|ARM64
		{08B49CF0-C1F6-4A9F-8C77-D30FD672E531}.Debug|x64.ActiveCfg = Debug|x64
		{08B49CF0-C1F6-4A9F-8C77-D30FD672E531}.Debug|x64.Build.0 = Debug|x64
		{08B49CF0-C1F6-4A9F-8C77-D30FD672E531}.Debug|x64.Deploy.0 = Debug|x64
		{08B49CF0-C1F6-4A9F-8C77-D30FD672E531}.Debug|x86.ActiveCfg = Debug|x86
		{08B49CF0-C1F6-4A9F-8C77-D30FD672E531}.Debug|x86.Build.0 = Debug|x86
		{08B49CF0-C1F6-4A9F-8C77-D30FD672E531}.Debug|x86.Deploy.0 = Debug|x86
		{08B49CF0-C1F6-4A9F-8C77-D30FD672E531}.Release|Any CPU.ActiveCfg = Release|x86
		{08B49CF0-C1F6-4A9F-8C77-D30FD672E531}.Release|ARM.ActiveCfg = Release|ARM
		{08B49CF0-C1F6-4A9F-8C77-D30FD672E531}.Release|ARM.Build.0 = Release|ARM
		{08B49CF0-C1F6-4A9F-8C77-D30FD672E531}.Release|ARM.Deploy.0 = Release|ARM
		{08B49CF0-C1F6-4A9F-8C77-D30FD672E531}.Release|ARM64.ActiveCfg = Release|ARM64
		{08B49CF0-C1F6-4A9F-8C77-D30FD672E531}.Release|ARM64.Build.0 = Release|ARM64
		{08B49CF0-C1F6-4A9F-8C77-D30FD672E531}.Release|ARM64.Deploy.0 = Release|ARM64
		{08B49CF0-C1F6-4A9F-8C77-D30FD672E531}.Release|x64.ActiveCfg = Release|x64
		{08B49CF0-C1F6-4A9F-8C77-D30FD672E531}.Release|x64.Build.0 = Release|x64
		{08B49CF0-C1F6-4A9F-8C77-D30FD672E531}.Release|x64.Deploy.0 = Release|x64
		{08B49CF0-C1F6-4A9F-8C77-D30FD672E531}.Release|x86.ActiveCfg = Release|x86
		{08B49CF0-C1F6-4A9F-8C77-D30FD672E531}.Release|x86.Build.0 = Release|x86
		{08B49CF0-C1F6-4A9F-8C77-D30FD672E531}.Release|x86.Deploy.0 = Release|x86
	EndGlobalSection
	GlobalSection(SolutionProperties) = preSolution
		HideSolutionNode = FALSE
	EndGlobalSection
	GlobalSection(ExtensibilityGlobals) = postSolution
		SolutionGuid = {F7D1EDAE-D3C7-4BCB-8405-C8D914DF2D3B}
	EndGlobalSection
EndGlobal
